{
    "_readme": [
        "This file locks the dependencies of your project to a known state",
        "Read more about it at http://getcomposer.org/doc/01-basic-usage.md#composer-lock-the-lock-file"
    ],
    "hash": "272459777271e92db876c04b34e7bf16",
    "packages": [
        {
            "name": "chriskl/phpssrs",
            "version": "v0.1.2",
            "source": {
                "type": "git",
                "url": "https://github.com/chriskl/phpssrs.git",
                "reference": "8b46517807db79bd72492a1347f10291fad1903a"
            },
            "dist": {
                "type": "zip",
                "url": "https://api.github.com/repos/chriskl/phpssrs/zipball/8b46517807db79bd72492a1347f10291fad1903a",
                "reference": "8b46517807db79bd72492a1347f10291fad1903a",
                "shasum": ""
            },
            "require": {
                "ext-soap": "*"
            },
            "require-dev": {
                "phing/phing": "~2.6",
                "wsdl2phpgenerator/wsdl2phpgenerator": "dev-master"
            },
            "type": "library",
            "autoload": {
                "psr-0": {
                    "PhpSsrs\\": [
                        "library/"
                    ]
                }
            },
            "notification-url": "https://packagist.org/downloads/",
            "license": [
                "BSD-2-Clause"
            ],
            "authors": [
                {
                    "name": "Chris Kings-Lynne",
                    "email": "chris.kingslynne@gmail.com"
                }
            ],
            "description": "PHP SQL Server Reporting Services Client Library",
            "keywords": [
                "reporting services",
                "ssrs"
            ],
            "time": "2013-10-13 02:30:12"
        }
    ],
    "packages-dev": [

    ],
    "aliases": [

    ],
    "minimum-stability": "stable",
    "stability-flags": [

    ],
    "platform": [

    ],
    "platform-dev": [

    ]
}
